{
  "lockfileVersion": 1,
  "workspaces": {
    "": {
      "name": "snowflake",
      "devDependencies": {
        "@types/bun": "latest",
        "bun-plugin-isolated-decl": "^0.2.4",
        "oxc-transform": "^0.71.0",
      },
      "peerDependencies": {
        "typescript": "^5.8.3",
      },
    },
  },
  "packages": {
    "@emnapi/core": ["@emnapi/core@1.4.3", "", { "dependencies": { "@emnapi/wasi-threads": "1.0.2", "tslib": "^2.4.0" } }, "sha512-4m62DuCE07lw01soJwPiBGC0nAww0Q+RY70VZ+n49yDIO13yyinhbWCeNnaob0lakDtWQzSdtNWzJeOJt2ma+g=="],

    "@emnapi/runtime": ["@emnapi/runtime@1.4.3", "", { "dependencies": { "tslib": "^2.4.0" } }, "sha512-pBPWdu6MLKROBX05wSNKcNb++m5Er+KQ9QkB+WVM+pW2Kx9hoSrVTnu3BdkI5eBLZoKu/J6mW/B6i6bJB2ytXQ=="],

    "@emnapi/wasi-threads": ["@emnapi/wasi-threads@1.0.2", "", { "dependencies": { "tslib": "^2.4.0" } }, "sha512-5n3nTJblwRi8LlXkJ9eBzu+kZR8Yxcc7ubakyQTFzPMtIhFpUBRbsnc2Dv88IZDIbCDlBiWrknhB4Lsz7mg6BA=="],

    "@jridgewell/sourcemap-codec": ["@jridgewell/sourcemap-codec@1.5.0", "", {}, "sha512-gv3ZRaISU3fjPAgNsriBRqGWQL6quFx04YMPW/zD8XMLsU32mhCCbfbO6KZFLjvYpCZ8zyDEgqsgf+PwPaM7GQ=="],

    "@napi-rs/wasm-runtime": ["@napi-rs/wasm-runtime@0.2.10", "", { "dependencies": { "@emnapi/core": "^1.4.3", "@emnapi/runtime": "^1.4.3", "@tybys/wasm-util": "^0.9.0" } }, "sha512-bCsCyeZEwVErsGmyPNSzwfwFn4OdxBj0mmv6hOFucB/k81Ojdu68RbZdxYsRQUPc9l6SU5F/cG+bXgWs3oUgsQ=="],

    "@oxc-parser/binding-darwin-arm64": ["@oxc-parser/binding-darwin-arm64@0.70.0", "", { "os": "darwin", "cpu": "arm64" }, "sha512-pIi7L9PnsBctS/ruW6JQVSYRJkh76PblBN46uQxpBfVsM57c1s4HGZlmGysQWbdmQTFDZW+SmH3u0JpmDLF0+A=="],

    "@oxc-parser/binding-darwin-x64": ["@oxc-parser/binding-darwin-x64@0.70.0", "", { "os": "darwin", "cpu": "x64" }, "sha512-EbKqtOHzZR56ZFC5HHg6XrYneFAJmpLC1Z6FSgbI061Ley1atAViQg7S6Agm9wAcPpns+BeFJqXEBx/y3MKa2w=="],

    "@oxc-parser/binding-freebsd-x64": ["@oxc-parser/binding-freebsd-x64@0.70.0", "", { "os": "freebsd", "cpu": "x64" }, "sha512-MVUaOMEUVE8q3nsWtEo589h++V5wAdqTbCRa9WY4Yuyxska4xcuJQk/kDNCx+n92saS7Luk+b20O9+VCI03c+A=="],

    "@oxc-parser/binding-linux-arm-gnueabihf": ["@oxc-parser/binding-linux-arm-gnueabihf@0.70.0", "", { "os": "linux", "cpu": "arm" }, "sha512-8N4JTYTgKiRHlMUDAdzKs6iEC57a8ex408VgKoLD/Fl+Un79qOti3S9sotdnWSdH/BsDQeO5NW+PKaqFBTw+hA=="],

    "@oxc-parser/binding-linux-arm-musleabihf": ["@oxc-parser/binding-linux-arm-musleabihf@0.70.0", "", { "os": "linux", "cpu": "arm" }, "sha512-Bsu+YvtgWuSfSDJTHMF5APZBOtvddR0GiHyrL0yaXDwaYvAL/E7XcoSK2GdmKTpw+J8nk5IlejEXlQliPo52pQ=="],

    "@oxc-parser/binding-linux-arm64-gnu": ["@oxc-parser/binding-linux-arm64-gnu@0.70.0", "", { "os": "linux", "cpu": "arm64" }, "sha512-tDzHWKexJPHR+qSiuAFoZ1v8EgCd4ggBNbjJHkcIHsoYKnsKaT1+uE9xfW9UhI1mhv2lo1JJ9n9og2yDTGxSeA=="],

    "@oxc-parser/binding-linux-arm64-musl": ["@oxc-parser/binding-linux-arm64-musl@0.70.0", "", { "os": "linux", "cpu": "arm64" }, "sha512-BJ+N25UWmHU624558ojSTnht3uFL00jV1c8qk1hnKf4cl6+ovFcoktRWAWSBlgLEP8tLlu8qgIhz875tMj2PkQ=="],

    "@oxc-parser/binding-linux-riscv64-gnu": ["@oxc-parser/binding-linux-riscv64-gnu@0.70.0", "", { "os": "linux", "cpu": "none" }, "sha512-nxu22nVuPA2xy1cxvBC0D5mVl0myqStOw3XBkVkDViNL01iPyuEFJd5VsM0GqsgrXvF95H/jrbMd+XWnto924g=="],

    "@oxc-parser/binding-linux-s390x-gnu": ["@oxc-parser/binding-linux-s390x-gnu@0.70.0", "", { "os": "linux", "cpu": "s390x" }, "sha512-AQ6Xj97lYRxHZl94cZIHJxT5M1qkeEi+vQe+e7M2lAtjcURl8cwhZmWKSv4rt4BQRVfO3ys0bY8AgIh4eFJiqw=="],

    "@oxc-parser/binding-linux-x64-gnu": ["@oxc-parser/binding-linux-x64-gnu@0.70.0", "", { "os": "linux", "cpu": "x64" }, "sha512-RIxaVsIxtG90CoX6/Okij8itaMrJp4SEJm1pSL0pz3hGo0yur3Il9M1mmGvOpW+avY8uHdwXIvf2qMnnTKZuoQ=="],

    "@oxc-parser/binding-linux-x64-musl": ["@oxc-parser/binding-linux-x64-musl@0.70.0", "", { "os": "linux", "cpu": "x64" }, "sha512-B3S0G4TlZ+WLdQq4mSQtt2ZW0MAkKWc8dla17tZY86kcXvvCWwACvj7I27Z/nSlb7uJOdRZS9/r6Gw0uAARNVQ=="],

    "@oxc-parser/binding-wasm32-wasi": ["@oxc-parser/binding-wasm32-wasi@0.70.0", "", { "dependencies": { "@napi-rs/wasm-runtime": "^0.2.9" }, "cpu": "none" }, "sha512-QN8yxH7eHXTqed8Oo7ZUzOWn6hixXa8EVINLy21eLU9isoifSPKMswSmCXHxsM2L5rIIvzoaKfghGOru1mMQbw=="],

    "@oxc-parser/binding-win32-arm64-msvc": ["@oxc-parser/binding-win32-arm64-msvc@0.70.0", "", { "os": "win32", "cpu": "arm64" }, "sha512-6k8/s78g0GQKqrxk4F0wYj32NBF9oSP6089e6BeuIRQ9l+Zh0cuI6unJeLzXNszxmlqq84xmf/tmP3MSDG43Uw=="],

    "@oxc-parser/binding-win32-x64-msvc": ["@oxc-parser/binding-win32-x64-msvc@0.70.0", "", { "os": "win32", "cpu": "x64" }, "sha512-nd9o1QtEvupaJZ3Wn7PfsuC00n31NNRQZ5+Mui6Q0ZyDzp+obqPUSbSt7xh9Dy0c5zgtYMk8WY4n/VBJY2VvTQ=="],

    "@oxc-project/types": ["@oxc-project/types@0.70.0", "", {}, "sha512-ngyLUpUjO3dpqygSRQDx7nMx8+BmXbWOU4oIwTJFV2MVIDG7knIZwgdwXlQWLg3C3oxg1lS7ppMtPKqKFb7wzw=="],

    "@oxc-transform/binding-darwin-arm64": ["@oxc-transform/binding-darwin-arm64@0.71.0", "", { "os": "darwin", "cpu": "arm64" }, "sha512-v34aKqVDv7rhz4ot2+jcRXcqBzPMcT9U9Iek1sSsVDOQlOCofoLAiAtjApx2dNmMMUhOPAR+exVPmosiB0HvIw=="],

    "@oxc-transform/binding-darwin-x64": ["@oxc-transform/binding-darwin-x64@0.71.0", "", { "os": "darwin", "cpu": "x64" }, "sha512-8r07vSpE3iVww9dJ+jjBd+UGdqLED3JlhMWqiborUJboTgokV0CuNLl2n1DN6z4/nibMGPcz+8yxuCIHGRIC5w=="],

    "@oxc-transform/binding-freebsd-x64": ["@oxc-transform/binding-freebsd-x64@0.71.0", "", { "os": "freebsd", "cpu": "x64" }, "sha512-K1xbJOz69d7t/mlSAN0/5LeEfYcCSMburm90oRfNU35fTg8n3+en1ggTXBL/4KhBHq434q2J4VGI9dHicoKCAA=="],

    "@oxc-transform/binding-linux-arm-gnueabihf": ["@oxc-transform/binding-linux-arm-gnueabihf@0.71.0", "", { "os": "linux", "cpu": "arm" }, "sha512-pq8/4CkIwwCQRM1YGMejNZysHP3SCKBCxY5fUsgMNpSAnqSm+fxt9N5OyXa9v1RDM85O8118/DP31/h2MXiQxw=="],

    "@oxc-transform/binding-linux-arm-musleabihf": ["@oxc-transform/binding-linux-arm-musleabihf@0.71.0", "", { "os": "linux", "cpu": "arm" }, "sha512-d1JB5cRZdSOz42P9v3K9By4a7FpEQwszj9WOqS5Yr1Ovb0kmgpa73izfMZ2FTHDJ38bfzySy81N9uwfNd0Xn4g=="],

    "@oxc-transform/binding-linux-arm64-gnu": ["@oxc-transform/binding-linux-arm64-gnu@0.71.0", "", { "os": "linux", "cpu": "arm64" }, "sha512-lJGOwngKVPyMcXxcxlS7OD8LGt+JZBe0EVAKS9ByxjlKr/Uk880XqJypWihjNZLmMSTLnkTA3BLqV02/6bdD1w=="],

    "@oxc-transform/binding-linux-arm64-musl": ["@oxc-transform/binding-linux-arm64-musl@0.71.0", "", { "os": "linux", "cpu": "arm64" }, "sha512-8LFHDuqvBw8G9c7BK2ad/JNG4AzVYmD3S1K/2h01hs5QaNw/3dIATX8eHeQO3CdPECut4yMuckWL2BJ5hrljxw=="],

    "@oxc-transform/binding-linux-riscv64-gnu": ["@oxc-transform/binding-linux-riscv64-gnu@0.71.0", "", { "os": "linux", "cpu": "none" }, "sha512-LDMtuq3QBbMI3COJbTDD4UGvZbu+7BKjneJ5wcgmvi4qKJoeGfZaWQHvoJoVqngfgKimFx3+wffhmsfX90oKTA=="],

    "@oxc-transform/binding-linux-s390x-gnu": ["@oxc-transform/binding-linux-s390x-gnu@0.71.0", "", { "os": "linux", "cpu": "s390x" }, "sha512-mOuMVjIRB463TsAtfsfUnrtiBnwcSgcb4iTuF6roHTxpypC0iNC6SWYMQGL8d/0xfZ8kMbWkH/0ruyzsUOFNAA=="],

    "@oxc-transform/binding-linux-x64-gnu": ["@oxc-transform/binding-linux-x64-gnu@0.71.0", "", { "os": "linux", "cpu": "x64" }, "sha512-48xBId6pPNnXSgLR8ibgGTXO1ofHB/n5C4RO8HRwP39jTkzRRBOFFVp60mNHC+JKUqGcWYXt3cm0vGDiduJ/bw=="],

    "@oxc-transform/binding-linux-x64-musl": ["@oxc-transform/binding-linux-x64-musl@0.71.0", "", { "os": "linux", "cpu": "x64" }, "sha512-PRR6v35S6vlRDZoFvMGMk6UcASbPzrtCnBc5y8AVUE2ULAwX7YUXJQJGYe5z8FyHljiTgHQTdJbe8TBcIPaCPw=="],

    "@oxc-transform/binding-wasm32-wasi": ["@oxc-transform/binding-wasm32-wasi@0.71.0", "", { "dependencies": { "@napi-rs/wasm-runtime": "^0.2.10" }, "cpu": "none" }, "sha512-gc5Xk55C1r17Z96oznbBfihbgmSLktcTi719QqiVJs9N9iJHLM7mooaYA30JT9JaekIqB2LftmmUpQ9wLKG4Sw=="],

    "@oxc-transform/binding-win32-arm64-msvc": ["@oxc-transform/binding-win32-arm64-msvc@0.71.0", "", { "os": "win32", "cpu": "arm64" }, "sha512-t7kzebqluF3kliUZPY9liSFQlzsseCHGqX/LKc9Aq3kTvvYYmy8TftFrMfgJ8nBEFTynSsb1UJXEiSaadb88SA=="],

    "@oxc-transform/binding-win32-x64-msvc": ["@oxc-transform/binding-win32-x64-msvc@0.71.0", "", { "os": "win32", "cpu": "x64" }, "sha512-J0PCgifswOYRTKRbo5uOk3nHl1ZC59xh/JdsAYkXMk5YygjVHh5NcmPXPjMiDR/iHHK6LxqFjumRQwtCX8gF5w=="],

    "@tybys/wasm-util": ["@tybys/wasm-util@0.9.0", "", { "dependencies": { "tslib": "^2.4.0" } }, "sha512-6+7nlbMVX/PVDCwaIQ8nTOPveOcFLSt8GcXdx8hD0bt39uWxYT88uXzqTd4fTvqta7oeUJqudepapKNt2DYJFw=="],

    "@types/bun": ["@types/bun@1.2.13", "", { "dependencies": { "bun-types": "1.2.13" } }, "sha512-u6vXep/i9VBxoJl3GjZsl/BFIsvML8DfVDO0RYLEwtSZSp981kEO1V5NwRcO1CPJ7AmvpbnDCiMKo3JvbDEjAg=="],

    "@types/node": ["@types/node@22.15.19", "", { "dependencies": { "undici-types": "~6.21.0" } }, "sha512-3vMNr4TzNQyjHcRZadojpRaD9Ofr6LsonZAoQ+HMUa/9ORTPoxVIw0e0mpqWpdjj8xybyCM+oKOUH2vwFu/oEw=="],

    "acorn": ["acorn@8.14.1", "", { "bin": { "acorn": "bin/acorn" } }, "sha512-OvQ/2pUDKmgfCg++xsTX1wGxfTaszcHVcTctW4UJB4hibJx2HXxxO5UmVgyjMa+ZDsiaf5wWLXYpRWMmBI0QHg=="],

    "bun-only": ["bun-only@0.0.1", "", {}, "sha512-eQdy3eKF3MPcrwhvDq/7BykQ9kpl9Lu/zJ9IcL1AsjZ4vct68Du8reZisptp7YL8b65iImMf9j06xmGUNsc2rQ=="],

    "bun-plugin-isolated-decl": ["bun-plugin-isolated-decl@0.2.4", "", { "dependencies": { "bun-only": "^0.0.1", "is-glob": "^4.0.3", "oxc-transform": "^0.70.0", "unplugin-isolated-decl": "^0.14.1" }, "peerDependencies": { "typescript": "^5.8.3" } }, "sha512-wfaGOlM5QewpzzdkfZLXrRKN9DO0+39Z1/WK8Y1QjzK7tNiCam7pxTCqIk3kF75VxZ0foI9cemt6W99dqrkWCw=="],

    "bun-types": ["bun-types@1.2.13", "", { "dependencies": { "@types/node": "*" } }, "sha512-rRjA1T6n7wto4gxhAO/ErZEtOXyEZEmnIHQfl0Dt1QQSB4QV0iP6BZ9/YB5fZaHFQ2dwHFrmPaRQ9GGMX01k9Q=="],

    "debug": ["debug@4.4.1", "", { "dependencies": { "ms": "^2.1.3" } }, "sha512-KcKCqiftBJcZr++7ykoDIEwSa3XWowTfNPo92BYxjXiyYEVrUQh2aLyhxBCwww+heortUFxEJYcRzosstTEBYQ=="],

    "is-extglob": ["is-extglob@2.1.1", "", {}, "sha512-SbKbANkN603Vi4jEZv49LeVJMn4yGwsbzZworEoyEiutsN3nJYdbO36zfhGJ6QEDpOZIFkDtnq5JRxmvl3jsoQ=="],

    "is-glob": ["is-glob@4.0.3", "", { "dependencies": { "is-extglob": "^2.1.1" } }, "sha512-xelSayHH36ZgE7ZWhli7pW34hNbNl8Ojv5KVmkJD4hBdD3th8Tfk9vYasLM+mXWOZhFkgZfxhLSnrwRr4elSSg=="],

    "magic-string": ["magic-string@0.30.17", "", { "dependencies": { "@jridgewell/sourcemap-codec": "^1.5.0" } }, "sha512-sNPKHvyjVf7gyjwS4xGTaW/mCnF8wnjtifKBEhxfZ7E/S8tQ0rssrwGNn6q8JH/ohItJfSQp9mBtQYuTlH5QnA=="],

    "ms": ["ms@2.1.3", "", {}, "sha512-6FlzubTLZG3J2a/NVCAleEhjzq5oxgHyaCU9yYXvcLsvoVaHJq/s5xXI6/XXP6tz7R9xAOtHnSO/tXtF3WRTlA=="],

    "oxc-parser": ["oxc-parser@0.70.0", "", { "dependencies": { "@oxc-project/types": "^0.70.0" }, "optionalDependencies": { "@oxc-parser/binding-darwin-arm64": "0.70.0", "@oxc-parser/binding-darwin-x64": "0.70.0", "@oxc-parser/binding-freebsd-x64": "0.70.0", "@oxc-parser/binding-linux-arm-gnueabihf": "0.70.0", "@oxc-parser/binding-linux-arm-musleabihf": "0.70.0", "@oxc-parser/binding-linux-arm64-gnu": "0.70.0", "@oxc-parser/binding-linux-arm64-musl": "0.70.0", "@oxc-parser/binding-linux-riscv64-gnu": "0.70.0", "@oxc-parser/binding-linux-s390x-gnu": "0.70.0", "@oxc-parser/binding-linux-x64-gnu": "0.70.0", "@oxc-parser/binding-linux-x64-musl": "0.70.0", "@oxc-parser/binding-wasm32-wasi": "0.70.0", "@oxc-parser/binding-win32-arm64-msvc": "0.70.0", "@oxc-parser/binding-win32-x64-msvc": "0.70.0" } }, "sha512-YbqTuQDDIYwQF/li0VFK5uTbmHV4jWFeQQONkPdf77vz+JMiq7SusmcSVZ4hBrGM+3WyLdKH5S7spnvz4XVVzQ=="],

    "oxc-transform": ["oxc-transform@0.71.0", "", { "optionalDependencies": { "@oxc-transform/binding-darwin-arm64": "0.71.0", "@oxc-transform/binding-darwin-x64": "0.71.0", "@oxc-transform/binding-freebsd-x64": "0.71.0", "@oxc-transform/binding-linux-arm-gnueabihf": "0.71.0", "@oxc-transform/binding-linux-arm-musleabihf": "0.71.0", "@oxc-transform/binding-linux-arm64-gnu": "0.71.0", "@oxc-transform/binding-linux-arm64-musl": "0.71.0", "@oxc-transform/binding-linux-riscv64-gnu": "0.71.0", "@oxc-transform/binding-linux-s390x-gnu": "0.71.0", "@oxc-transform/binding-linux-x64-gnu": "0.71.0", "@oxc-transform/binding-linux-x64-musl": "0.71.0", "@oxc-transform/binding-wasm32-wasi": "0.71.0", "@oxc-transform/binding-win32-arm64-msvc": "0.71.0", "@oxc-transform/binding-win32-x64-msvc": "0.71.0" } }, "sha512-yV7YjOUdeoE/l90yLsLUzCTCFSRLcjuNVgPNfkOVbOw1iddXaTBwnJ87JBYbJoxysT7CRRae/6sKqJRWY2TCsA=="],

    "pathe": ["pathe@2.0.3", "", {}, "sha512-WUjGcAqP1gQacoQe+OBJsFA7Ld4DyXuUIjZ5cc75cLHvJ7dtNsTugphxIADwspS+AraAUePCKrSVtPLFj/F88w=="],

    "picomatch": ["picomatch@4.0.2", "", {}, "sha512-M7BAV6Rlcy5u+m6oPhAPFgJTzAioX/6B0DxyvDlo9l8+T3nLKbrczg2WLUyzd45L8RqfUMyGPzekbMvX2Ldkwg=="],

    "tslib": ["tslib@2.8.1", "", {}, "sha512-oJFu94HQb+KVduSUQL7wnpmqnfmLsOA/nAh6b6EH0wCEoK0/mPeXU6c3wKDV83MkOuHPRHtSXKKU99IBazS/2w=="],

    "typescript": ["typescript@5.8.3", "", { "bin": { "tsc": "bin/tsc", "tsserver": "bin/tsserver" } }, "sha512-p1diW6TqL9L07nNxvRMM7hMMw4c5XOo/1ibL4aAIGmSAt9slTE1Xgw5KWuof2uTOvCg9BY7ZRi+GaF+7sfgPeQ=="],

    "undici-types": ["undici-types@6.21.0", "", {}, "sha512-iwDZqg0QAGrg9Rav5H4n0M64c3mkR59cJ6wQp+7C4nI0gsmExaedaYLNO44eT4AtBBwjbTiGPMlt2Md0T9H9JQ=="],

    "unplugin": ["unplugin@2.3.4", "", { "dependencies": { "acorn": "^8.14.1", "picomatch": "^4.0.2", "webpack-virtual-modules": "^0.6.2" } }, "sha512-m4PjxTurwpWfpMomp8AptjD5yj8qEZN5uQjjGM3TAs9MWWD2tXSSNNj6jGR2FoVGod4293ytyV6SwBbertfyJg=="],

    "unplugin-isolated-decl": ["unplugin-isolated-decl@0.14.2", "", { "dependencies": { "debug": "^4.4.1", "magic-string": "^0.30.17", "oxc-parser": "^0.70.0", "oxc-transform": "^0.70.0", "unplugin": "^2.3.4", "unplugin-utils": "^0.2.4" }, "peerDependencies": { "@swc/core": "^1.6.6", "typescript": "^5.5.2" }, "optionalPeers": ["@swc/core", "typescript"] }, "sha512-MJ4HOUiR8r979vP6/CsYQK+3JV9B1Xp4ce5KLgYtrSEkq8KIwPiLWyfa8TFlpMDlEOVBCFNA1V0K5eo4yWze3Q=="],

    "unplugin-utils": ["unplugin-utils@0.2.4", "", { "dependencies": { "pathe": "^2.0.2", "picomatch": "^4.0.2" } }, "sha512-8U/MtpkPkkk3Atewj1+RcKIjb5WBimZ/WSLhhR3w6SsIj8XJuKTacSP8g+2JhfSGw0Cb125Y+2zA/IzJZDVbhA=="],

    "webpack-virtual-modules": ["webpack-virtual-modules@0.6.2", "", {}, "sha512-66/V2i5hQanC51vBQKPH4aI8NMAcBW59FVBs+rC7eGHupMyfn34q7rZIE+ETlJ+XTevqfUhVVBgSUNSW2flEUQ=="],

    "bun-plugin-isolated-decl/oxc-transform": ["oxc-transform@0.70.0", "", { "optionalDependencies": { "@oxc-transform/binding-darwin-arm64": "0.70.0", "@oxc-transform/binding-darwin-x64": "0.70.0", "@oxc-transform/binding-freebsd-x64": "0.70.0", "@oxc-transform/binding-linux-arm-gnueabihf": "0.70.0", "@oxc-transform/binding-linux-arm-musleabihf": "0.70.0", "@oxc-transform/binding-linux-arm64-gnu": "0.70.0", "@oxc-transform/binding-linux-arm64-musl": "0.70.0", "@oxc-transform/binding-linux-riscv64-gnu": "0.70.0", "@oxc-transform/binding-linux-s390x-gnu": "0.70.0", "@oxc-transform/binding-linux-x64-gnu": "0.70.0", "@oxc-transform/binding-linux-x64-musl": "0.70.0", "@oxc-transform/binding-wasm32-wasi": "0.70.0", "@oxc-transform/binding-win32-arm64-msvc": "0.70.0", "@oxc-transform/binding-win32-x64-msvc": "0.70.0" } }, "sha512-cPaTMNm7ciuDYhypBk7P8srrNU1aPT+yNYU3818odl8aygThFZZ2kXGpvkxtP1XXgVeMpe/nopVJnjQndkO2Uw=="],

    "unplugin-isolated-decl/oxc-transform": ["oxc-transform@0.70.0", "", { "optionalDependencies": { "@oxc-transform/binding-darwin-arm64": "0.70.0", "@oxc-transform/binding-darwin-x64": "0.70.0", "@oxc-transform/binding-freebsd-x64": "0.70.0", "@oxc-transform/binding-linux-arm-gnueabihf": "0.70.0", "@oxc-transform/binding-linux-arm-musleabihf": "0.70.0", "@oxc-transform/binding-linux-arm64-gnu": "0.70.0", "@oxc-transform/binding-linux-arm64-musl": "0.70.0", "@oxc-transform/binding-linux-riscv64-gnu": "0.70.0", "@oxc-transform/binding-linux-s390x-gnu": "0.70.0", "@oxc-transform/binding-linux-x64-gnu": "0.70.0", "@oxc-transform/binding-linux-x64-musl": "0.70.0", "@oxc-transform/binding-wasm32-wasi": "0.70.0", "@oxc-transform/binding-win32-arm64-msvc": "0.70.0", "@oxc-transform/binding-win32-x64-msvc": "0.70.0" } }, "sha512-cPaTMNm7ciuDYhypBk7P8srrNU1aPT+yNYU3818odl8aygThFZZ2kXGpvkxtP1XXgVeMpe/nopVJnjQndkO2Uw=="],

    "bun-plugin-isolated-decl/oxc-transform/@oxc-transform/binding-darwin-arm64": ["@oxc-transform/binding-darwin-arm64@0.70.0", "", { "os": "darwin", "cpu": "arm64" }, "sha512-h5DHbP2JqhI7o+hgVwiUn1OFTuKY2r1S6mO2wYPHS1LRWZM2GLNVo/cuCVJx5nRLHIfWBYtIIgbrG8ZrlrG2Cg=="],

    "bun-plugin-isolated-decl/oxc-transform/@oxc-transform/binding-darwin-x64": ["@oxc-transform/binding-darwin-x64@0.70.0", "", { "os": "darwin", "cpu": "x64" }, "sha512-1l0C5VOlfirfSzyL/fPtmxnZwoUJZI25leFQTCa3I2neOoFvcV4tncg5NYBpF18DbrHcEzTtTbhVRwCjO1RQ8A=="],

    "bun-plugin-isolated-decl/oxc-transform/@oxc-transform/binding-freebsd-x64": ["@oxc-transform/binding-freebsd-x64@0.70.0", "", { "os": "freebsd", "cpu": "x64" }, "sha512-bSkX/vXW9TGqm6LS56mCzM2dkeiAsS/OWvOS94NTBIZQHd5vLn6jtt8KYmGoO/7iOGP+UT2L7p7Da+y/LNB7cg=="],

    "bun-plugin-isolated-decl/oxc-transform/@oxc-transform/binding-linux-arm-gnueabihf": ["@oxc-transform/binding-linux-arm-gnueabihf@0.70.0", "", { "os": "linux", "cpu": "arm" }, "sha512-Ru35tW9h+0fC/h/NpbBOuxW9xBYHrVTvk/rHZXg860QDC17W/ORPY7DJ4sBN+JPcm69UNssRELEydvy62p5hnQ=="],

    "bun-plugin-isolated-decl/oxc-transform/@oxc-transform/binding-linux-arm-musleabihf": ["@oxc-transform/binding-linux-arm-musleabihf@0.70.0", "", { "os": "linux", "cpu": "arm" }, "sha512-NUpJ2hFE8R29zvL4YN/JvyfaT2Vpcw4NyEVdBICEN6DLJvM2fYUrtN3c7q/5RSMPERWGDdkX4oebHy3gOReb5A=="],

    "bun-plugin-isolated-decl/oxc-transform/@oxc-transform/binding-linux-arm64-gnu": ["@oxc-transform/binding-linux-arm64-gnu@0.70.0", "", { "os": "linux", "cpu": "arm64" }, "sha512-ijMtGrOgXgEzyHJoaieDBfBe2IaW53RlaDPVKLu6SRaqzbYSzjkBocMCWPnlhHAlsXXot4iXqUz/mIvi9iySgQ=="],

    "bun-plugin-isolated-decl/oxc-transform/@oxc-transform/binding-linux-arm64-musl": ["@oxc-transform/binding-linux-arm64-musl@0.70.0", "", { "os": "linux", "cpu": "arm64" }, "sha512-VUK5p1ooBC8zObwIAoo4et3x9h0kuBeas4UehbNN4HfnhwkM8yRCt5owHypslIi1vytfPpkexRpZcw68lAiThw=="],

    "bun-plugin-isolated-decl/oxc-transform/@oxc-transform/binding-linux-riscv64-gnu": ["@oxc-transform/binding-linux-riscv64-gnu@0.70.0", "", { "os": "linux", "cpu": "none" }, "sha512-IqOHDigJosjwgWSWv7WBJHiVzQdYj3uvFDOndHTsZuQdx3UHBvejcJPTVFZocMVH/JPr4QCnmzEXfNVlscoRAQ=="],

    "bun-plugin-isolated-decl/oxc-transform/@oxc-transform/binding-linux-s390x-gnu": ["@oxc-transform/binding-linux-s390x-gnu@0.70.0", "", { "os": "linux", "cpu": "s390x" }, "sha512-p9u5bmQkzwzMMVqaPDZwwJCJIzm5MqK6n5VyPYNVCpSWJmI9YtxRpL7A+Szbjrv1I8RAQ3Lfvd7vLcQbybzZbg=="],

    "bun-plugin-isolated-decl/oxc-transform/@oxc-transform/binding-linux-x64-gnu": ["@oxc-transform/binding-linux-x64-gnu@0.70.0", "", { "os": "linux", "cpu": "x64" }, "sha512-CtKvuyXNAheW2WBrR6RyyksStT84UfZLh+EjhYbNzQUMMBmUni5xfcJJiDPLhV2fmZ+iCMaHv36IIPS4gkP3wQ=="],

    "bun-plugin-isolated-decl/oxc-transform/@oxc-transform/binding-linux-x64-musl": ["@oxc-transform/binding-linux-x64-musl@0.70.0", "", { "os": "linux", "cpu": "x64" }, "sha512-KM68LeDbF7HM3SeRC8ljJ2fISEmTGyjw70VP4xnAJy9FotneYmDqD7UDbtdcl956m2zePFUNdmdlLEwmP211Ag=="],

    "bun-plugin-isolated-decl/oxc-transform/@oxc-transform/binding-wasm32-wasi": ["@oxc-transform/binding-wasm32-wasi@0.70.0", "", { "dependencies": { "@napi-rs/wasm-runtime": "^0.2.9" }, "cpu": "none" }, "sha512-jT8y6XnATCbArIZqVE8BgFSJLASSPXcsCPHo1dk5GDJHxls8SuWo0VecE4v4OAphOVPhX1Jdyj1lie6oK6xEnQ=="],

    "bun-plugin-isolated-decl/oxc-transform/@oxc-transform/binding-win32-arm64-msvc": ["@oxc-transform/binding-win32-arm64-msvc@0.70.0", "", { "os": "win32", "cpu": "arm64" }, "sha512-OFmHVkWeIG6PqouPzVULCuD8PfLA0ASHSfKvMM6/l3Soowz38nkfi8y2OpH8StDyXK3kgn+PkMpS03NAITeGlQ=="],

    "bun-plugin-isolated-decl/oxc-transform/@oxc-transform/binding-win32-x64-msvc": ["@oxc-transform/binding-win32-x64-msvc@0.70.0", "", { "os": "win32", "cpu": "x64" }, "sha512-o59kbIXgY2HXUlHepZHD/Zz4k0it80yZHL+QIbsYs1/K/i6iydrhdUKIabRkFcPg9qvxXXJ/xxDAggC8KdBoPA=="],

    "unplugin-isolated-decl/oxc-transform/@oxc-transform/binding-darwin-arm64": ["@oxc-transform/binding-darwin-arm64@0.70.0", "", { "os": "darwin", "cpu": "arm64" }, "sha512-h5DHbP2JqhI7o+hgVwiUn1OFTuKY2r1S6mO2wYPHS1LRWZM2GLNVo/cuCVJx5nRLHIfWBYtIIgbrG8ZrlrG2Cg=="],

    "unplugin-isolated-decl/oxc-transform/@oxc-transform/binding-darwin-x64": ["@oxc-transform/binding-darwin-x64@0.70.0", "", { "os": "darwin", "cpu": "x64" }, "sha512-1l0C5VOlfirfSzyL/fPtmxnZwoUJZI25leFQTCa3I2neOoFvcV4tncg5NYBpF18DbrHcEzTtTbhVRwCjO1RQ8A=="],

    "unplugin-isolated-decl/oxc-transform/@oxc-transform/binding-freebsd-x64": ["@oxc-transform/binding-freebsd-x64@0.70.0", "", { "os": "freebsd", "cpu": "x64" }, "sha512-bSkX/vXW9TGqm6LS56mCzM2dkeiAsS/OWvOS94NTBIZQHd5vLn6jtt8KYmGoO/7iOGP+UT2L7p7Da+y/LNB7cg=="],

    "unplugin-isolated-decl/oxc-transform/@oxc-transform/binding-linux-arm-gnueabihf": ["@oxc-transform/binding-linux-arm-gnueabihf@0.70.0", "", { "os": "linux", "cpu": "arm" }, "sha512-Ru35tW9h+0fC/h/NpbBOuxW9xBYHrVTvk/rHZXg860QDC17W/ORPY7DJ4sBN+JPcm69UNssRELEydvy62p5hnQ=="],

    "unplugin-isolated-decl/oxc-transform/@oxc-transform/binding-linux-arm-musleabihf": ["@oxc-transform/binding-linux-arm-musleabihf@0.70.0", "", { "os": "linux", "cpu": "arm" }, "sha512-NUpJ2hFE8R29zvL4YN/JvyfaT2Vpcw4NyEVdBICEN6DLJvM2fYUrtN3c7q/5RSMPERWGDdkX4oebHy3gOReb5A=="],

    "unplugin-isolated-decl/oxc-transform/@oxc-transform/binding-linux-arm64-gnu": ["@oxc-transform/binding-linux-arm64-gnu@0.70.0", "", { "os": "linux", "cpu": "arm64" }, "sha512-ijMtGrOgXgEzyHJoaieDBfBe2IaW53RlaDPVKLu6SRaqzbYSzjkBocMCWPnlhHAlsXXot4iXqUz/mIvi9iySgQ=="],

    "unplugin-isolated-decl/oxc-transform/@oxc-transform/binding-linux-arm64-musl": ["@oxc-transform/binding-linux-arm64-musl@0.70.0", "", { "os": "linux", "cpu": "arm64" }, "sha512-VUK5p1ooBC8zObwIAoo4et3x9h0kuBeas4UehbNN4HfnhwkM8yRCt5owHypslIi1vytfPpkexRpZcw68lAiThw=="],

    "unplugin-isolated-decl/oxc-transform/@oxc-transform/binding-linux-riscv64-gnu": ["@oxc-transform/binding-linux-riscv64-gnu@0.70.0", "", { "os": "linux", "cpu": "none" }, "sha512-IqOHDigJosjwgWSWv7WBJHiVzQdYj3uvFDOndHTsZuQdx3UHBvejcJPTVFZocMVH/JPr4QCnmzEXfNVlscoRAQ=="],

    "unplugin-isolated-decl/oxc-transform/@oxc-transform/binding-linux-s390x-gnu": ["@oxc-transform/binding-linux-s390x-gnu@0.70.0", "", { "os": "linux", "cpu": "s390x" }, "sha512-p9u5bmQkzwzMMVqaPDZwwJCJIzm5MqK6n5VyPYNVCpSWJmI9YtxRpL7A+Szbjrv1I8RAQ3Lfvd7vLcQbybzZbg=="],

    "unplugin-isolated-decl/oxc-transform/@oxc-transform/binding-linux-x64-gnu": ["@oxc-transform/binding-linux-x64-gnu@0.70.0", "", { "os": "linux", "cpu": "x64" }, "sha512-CtKvuyXNAheW2WBrR6RyyksStT84UfZLh+EjhYbNzQUMMBmUni5xfcJJiDPLhV2fmZ+iCMaHv36IIPS4gkP3wQ=="],

    "unplugin-isolated-decl/oxc-transform/@oxc-transform/binding-linux-x64-musl": ["@oxc-transform/binding-linux-x64-musl@0.70.0", "", { "os": "linux", "cpu": "x64" }, "sha512-KM68LeDbF7HM3SeRC8ljJ2fISEmTGyjw70VP4xnAJy9FotneYmDqD7UDbtdcl956m2zePFUNdmdlLEwmP211Ag=="],

    "unplugin-isolated-decl/oxc-transform/@oxc-transform/binding-wasm32-wasi": ["@oxc-transform/binding-wasm32-wasi@0.70.0", "", { "dependencies": { "@napi-rs/wasm-runtime": "^0.2.9" }, "cpu": "none" }, "sha512-jT8y6XnATCbArIZqVE8BgFSJLASSPXcsCPHo1dk5GDJHxls8SuWo0VecE4v4OAphOVPhX1Jdyj1lie6oK6xEnQ=="],

    "unplugin-isolated-decl/oxc-transform/@oxc-transform/binding-win32-arm64-msvc": ["@oxc-transform/binding-win32-arm64-msvc@0.70.0", "", { "os": "win32", "cpu": "arm64" }, "sha512-OFmHVkWeIG6PqouPzVULCuD8PfLA0ASHSfKvMM6/l3Soowz38nkfi8y2OpH8StDyXK3kgn+PkMpS03NAITeGlQ=="],

    "unplugin-isolated-decl/oxc-transform/@oxc-transform/binding-win32-x64-msvc": ["@oxc-transform/binding-win32-x64-msvc@0.70.0", "", { "os": "win32", "cpu": "x64" }, "sha512-o59kbIXgY2HXUlHepZHD/Zz4k0it80yZHL+QIbsYs1/K/i6iydrhdUKIabRkFcPg9qvxXXJ/xxDAggC8KdBoPA=="],
  }
}
